// !$*UTF8*$!
{
	archiveVersion = 1;
	classes = {
	};
	objectVersion = 46;
	objects = {

/* Begin PBXBuildFile section */
		B105BAB41E491ED300C314B4 /* ItemMenuCell.xib in Resources */ = {isa = PBXBuildFile; fileRef = B105BAB31E491ED300C314B4 /* ItemMenuCell.xib */; };
		B105BAB61E49227300C314B4 /* ItemMenuTableViewCell.swift in Sources */ = {isa = PBXBuildFile; fileRef = B105BAB51E49227300C314B4 /* ItemMenuTableViewCell.swift */; };
		B105BAB81E4923B100C314B4 /* Menu.swift in Sources */ = {isa = PBXBuildFile; fileRef = B105BAB71E4923B100C314B4 /* Menu.swift */; };
		B105BABE1E49300000C314B4 /* DashboardViewController.swift in Sources */ = {isa = PBXBuildFile; fileRef = B105BABD1E49300000C314B4 /* DashboardViewController.swift */; };
		B105BAC01E49317E00C314B4 /* BaseViewController.swift in Sources */ = {isa = PBXBuildFile; fileRef = B105BABF1E49317E00C314B4 /* BaseViewController.swift */; };
		B105BAC21E4931E100C314B4 /* SalesViewController.swift in Sources */ = {isa = PBXBuildFile; fileRef = B105BAC11E4931E100C314B4 /* SalesViewController.swift */; };
		B105BAC41E4931FD00C314B4 /* MessageViewController.swift in Sources */ = {isa = PBXBuildFile; fileRef = B105BAC31E4931FD00C314B4 /* MessageViewController.swift */; };
		B105BAC61E49321400C314B4 /* Message.storyboard in Resources */ = {isa = PBXBuildFile; fileRef = B105BAC51E49321400C314B4 /* Message.storyboard */; };
		B105BAC81E49323C00C314B4 /* Sales.storyboard in Resources */ = {isa = PBXBuildFile; fileRef = B105BAC71E49323C00C314B4 /* Sales.storyboard */; };
		B105BACA1E49345100C314B4 /* Style.swift in Sources */ = {isa = PBXBuildFile; fileRef = B105BAC91E49345100C314B4 /* Style.swift */; };
		B105BACC1E49364600C314B4 /* UIColor+Hexa.swift in Sources */ = {isa = PBXBuildFile; fileRef = B105BACB1E49364600C314B4 /* UIColor+Hexa.swift */; };
		B105BACE1E49395300C314B4 /* UIViewController+Default.swift in Sources */ = {isa = PBXBuildFile; fileRef = B105BACD1E49395300C314B4 /* UIViewController+Default.swift */; };
		B105BAD01E49404D00C314B4 /* Localizable.swift in Sources */ = {isa = PBXBuildFile; fileRef = B105BACF1E49404D00C314B4 /* Localizable.swift */; };
		B105BAD41E4940BC00C314B4 /* Localizable.strings in Resources */ = {isa = PBXBuildFile; fileRef = B105BAD61E4940BC00C314B4 /* Localizable.strings */; };
		B10DC2891E4FD6A50098B47F /* TagView.xib in Resources */ = {isa = PBXBuildFile; fileRef = B10DC2881E4FD6A50098B47F /* TagView.xib */; };
		B163BB611E4FB3DE004B3BB7 /* CustomAccessBottomViewController.swift in Sources */ = {isa = PBXBuildFile; fileRef = B163BB601E4FB3DE004B3BB7 /* CustomAccessBottomViewController.swift */; };
		B163BB631E4FC62F004B3BB7 /* TagView.swift in Sources */ = {isa = PBXBuildFile; fileRef = B163BB621E4FC62F004B3BB7 /* TagView.swift */; };
		B18F17581E4AABF6006EF025 /* AppStoryboard.swift in Sources */ = {isa = PBXBuildFile; fileRef = B18F17571E4AABF6006EF025 /* AppStoryboard.swift */; };
		B18F175A1E4B7C6B006EF025 /* Dashboard.storyboard in Resources */ = {isa = PBXBuildFile; fileRef = B18F17591E4B7C6B006EF025 /* Dashboard.storyboard */; };
		B18F175C1E4B7DF0006EF025 /* SaleCell.xib in Resources */ = {isa = PBXBuildFile; fileRef = B18F175B1E4B7DF0006EF025 /* SaleCell.xib */; };
		B18F175E1E4B8223006EF025 /* SaleTableViewCell.swift in Sources */ = {isa = PBXBuildFile; fileRef = B18F175D1E4B8223006EF025 /* SaleTableViewCell.swift */; };
		B18F17611E4B8380006EF025 /* Sale.swift in Sources */ = {isa = PBXBuildFile; fileRef = B18F17601E4B8380006EF025 /* Sale.swift */; };
		B18F17651E4B94D8006EF025 /* Array+Utils.swift in Sources */ = {isa = PBXBuildFile; fileRef = B18F17641E4B94D8006EF025 /* Array+Utils.swift */; };
		B18F17681E4B9E21006EF025 /* MessageCollectionViewCell.swift in Sources */ = {isa = PBXBuildFile; fileRef = B18F17661E4B9E21006EF025 /* MessageCollectionViewCell.swift */; };
		B18F17691E4B9E21006EF025 /* MessageCell.xib in Resources */ = {isa = PBXBuildFile; fileRef = B18F17671E4B9E21006EF025 /* MessageCell.xib */; };
		B18F176B1E4BA01D006EF025 /* Message.swift in Sources */ = {isa = PBXBuildFile; fileRef = B18F176A1E4BA01D006EF025 /* Message.swift */; };
		B1A80A6A1E47CF0E00A611F2 /* AppDelegate.swift in Sources */ = {isa = PBXBuildFile; fileRef = B1A80A691E47CF0E00A611F2 /* AppDelegate.swift */; };
		B1A80A6F1E47CF0E00A611F2 /* Main.storyboard in Resources */ = {isa = PBXBuildFile; fileRef = B1A80A6D1E47CF0E00A611F2 /* Main.storyboard */; };
		B1A80A711E47CF0E00A611F2 /* Assets.xcassets in Resources */ = {isa = PBXBuildFile; fileRef = B1A80A701E47CF0E00A611F2 /* Assets.xcassets */; };
		B1A80A741E47CF0E00A611F2 /* LaunchScreen.storyboard in Resources */ = {isa = PBXBuildFile; fileRef = B1A80A721E47CF0E00A611F2 /* LaunchScreen.storyboard */; };
		B1A80A881E47DC7B00A611F2 /* MenuViewController.swift in Sources */ = {isa = PBXBuildFile; fileRef = B1A80A871E47DC7B00A611F2 /* MenuViewController.swift */; };
		B1A80A8C1E47DCF600A611F2 /* HeaderMenuView.swift in Sources */ = {isa = PBXBuildFile; fileRef = B1A80A8B1E47DCF600A611F2 /* HeaderMenuView.swift */; };
		B1A80A901E47DE5100A611F2 /* UIView+Utils.swift in Sources */ = {isa = PBXBuildFile; fileRef = B1A80A8E1E47DE5100A611F2 /* UIView+Utils.swift */; };
		B1A80A911E47DE5100A611F2 /* UIImageView+Proxy.swift in Sources */ = {isa = PBXBuildFile; fileRef = B1A80A8F1E47DE5100A611F2 /* UIImageView+Proxy.swift */; };
		B1A80A941E47ECBB00A611F2 /* MainViewController.swift in Sources */ = {isa = PBXBuildFile; fileRef = B1A80A931E47ECBB00A611F2 /* MainViewController.swift */; };
		C4A9FE49CE1B37394A66F6A2 /* Pods_HotmartTest.framework in Frameworks */ = {isa = PBXBuildFile; fileRef = 1DC37848A6BB177E32E3CC15 /* Pods_HotmartTest.framework */; };
/* End PBXBuildFile section */

/* Begin PBXFileReference section */
		1DC37848A6BB177E32E3CC15 /* Pods_HotmartTest.framework */ = {isa = PBXFileReference; explicitFileType = wrapper.framework; includeInIndex = 0; path = Pods_HotmartTest.framework; sourceTree = BUILT_PRODUCTS_DIR; };
		B105BAB31E491ED300C314B4 /* ItemMenuCell.xib */ = {isa = PBXFileReference; fileEncoding = 4; lastKnownFileType = file.xib; path = ItemMenuCell.xib; sourceTree = "<group>"; };
		B105BAB51E49227300C314B4 /* ItemMenuTableViewCell.swift */ = {isa = PBXFileReference; fileEncoding = 4; lastKnownFileType = sourcecode.swift; path = ItemMenuTableViewCell.swift; sourceTree = "<group>"; };
		B105BAB71E4923B100C314B4 /* Menu.swift */ = {isa = PBXFileReference; fileEncoding = 4; lastKnownFileType = sourcecode.swift; path = Menu.swift; sourceTree = "<group>"; };
		B105BABD1E49300000C314B4 /* DashboardViewController.swift */ = {isa = PBXFileReference; fileEncoding = 4; lastKnownFileType = sourcecode.swift; path = DashboardViewController.swift; sourceTree = "<group>"; };
		B105BABF1E49317E00C314B4 /* BaseViewController.swift */ = {isa = PBXFileReference; fileEncoding = 4; lastKnownFileType = sourcecode.swift; path = BaseViewController.swift; sourceTree = "<group>"; };
		B105BAC11E4931E100C314B4 /* SalesViewController.swift */ = {isa = PBXFileReference; fileEncoding = 4; lastKnownFileType = sourcecode.swift; path = SalesViewController.swift; sourceTree = "<group>"; };
		B105BAC31E4931FD00C314B4 /* MessageViewController.swift */ = {isa = PBXFileReference; fileEncoding = 4; lastKnownFileType = sourcecode.swift; path = MessageViewController.swift; sourceTree = "<group>"; };
		B105BAC51E49321400C314B4 /* Message.storyboard */ = {isa = PBXFileReference; fileEncoding = 4; lastKnownFileType = file.storyboard; path = Message.storyboard; sourceTree = "<group>"; };
		B105BAC71E49323C00C314B4 /* Sales.storyboard */ = {isa = PBXFileReference; fileEncoding = 4; lastKnownFileType = file.storyboard; path = Sales.storyboard; sourceTree = "<group>"; };
		B105BAC91E49345100C314B4 /* Style.swift */ = {isa = PBXFileReference; fileEncoding = 4; lastKnownFileType = sourcecode.swift; path = Style.swift; sourceTree = "<group>"; };
		B105BACB1E49364600C314B4 /* UIColor+Hexa.swift */ = {isa = PBXFileReference; fileEncoding = 4; lastKnownFileType = sourcecode.swift; path = "UIColor+Hexa.swift"; sourceTree = "<group>"; };
		B105BACD1E49395300C314B4 /* UIViewController+Default.swift */ = {isa = PBXFileReference; fileEncoding = 4; lastKnownFileType = sourcecode.swift; path = "UIViewController+Default.swift"; sourceTree = "<group>"; };
		B105BACF1E49404D00C314B4 /* Localizable.swift */ = {isa = PBXFileReference; fileEncoding = 4; lastKnownFileType = sourcecode.swift; path = Localizable.swift; sourceTree = "<group>"; };
		B105BAD51E4940BC00C314B4 /* Base */ = {isa = PBXFileReference; lastKnownFileType = text.plist.strings; name = Base; path = Base.lproj/Localizable.strings; sourceTree = "<group>"; };
		B105BAD71E4940BF00C314B4 /* en */ = {isa = PBXFileReference; lastKnownFileType = text.plist.strings; name = en; path = en.lproj/Localizable.strings; sourceTree = "<group>"; };
		B105BAD81E4940CE00C314B4 /* pt-BR */ = {isa = PBXFileReference; lastKnownFileType = text.plist.strings; name = "pt-BR"; path = "pt-BR.lproj/LaunchScreen.strings"; sourceTree = "<group>"; };
		B105BAD91E4940CE00C314B4 /* pt-BR */ = {isa = PBXFileReference; lastKnownFileType = text.plist.strings; name = "pt-BR"; path = "pt-BR.lproj/Main.strings"; sourceTree = "<group>"; };
		B105BADA1E4940CF00C314B4 /* pt-BR */ = {isa = PBXFileReference; lastKnownFileType = text.plist.strings; name = "pt-BR"; path = "pt-BR.lproj/Localizable.strings"; sourceTree = "<group>"; };
		B10DC2881E4FD6A50098B47F /* TagView.xib */ = {isa = PBXFileReference; fileEncoding = 4; lastKnownFileType = file.xib; path = TagView.xib; sourceTree = "<group>"; };
		B163BB601E4FB3DE004B3BB7 /* CustomAccessBottomViewController.swift */ = {isa = PBXFileReference; fileEncoding = 4; lastKnownFileType = sourcecode.swift; path = CustomAccessBottomViewController.swift; sourceTree = "<group>"; };
		B163BB621E4FC62F004B3BB7 /* TagView.swift */ = {isa = PBXFileReference; fileEncoding = 4; lastKnownFileType = sourcecode.swift; path = TagView.swift; sourceTree = "<group>"; };
		B18F17571E4AABF6006EF025 /* AppStoryboard.swift */ = {isa = PBXFileReference; fileEncoding = 4; lastKnownFileType = sourcecode.swift; path = AppStoryboard.swift; sourceTree = "<group>"; };
		B18F17591E4B7C6B006EF025 /* Dashboard.storyboard */ = {isa = PBXFileReference; fileEncoding = 4; lastKnownFileType = file.storyboard; path = Dashboard.storyboard; sourceTree = "<group>"; };
		B18F175B1E4B7DF0006EF025 /* SaleCell.xib */ = {isa = PBXFileReference; fileEncoding = 4; lastKnownFileType = file.xib; path = SaleCell.xib; sourceTree = "<group>"; };
		B18F175D1E4B8223006EF025 /* SaleTableViewCell.swift */ = {isa = PBXFileReference; fileEncoding = 4; lastKnownFileType = sourcecode.swift; path = SaleTableViewCell.swift; sourceTree = "<group>"; };
		B18F17601E4B8380006EF025 /* Sale.swift */ = {isa = PBXFileReference; fileEncoding = 4; lastKnownFileType = sourcecode.swift; path = Sale.swift; sourceTree = "<group>"; };
		B18F17641E4B94D8006EF025 /* Array+Utils.swift */ = {isa = PBXFileReference; fileEncoding = 4; lastKnownFileType = sourcecode.swift; path = "Array+Utils.swift"; sourceTree = "<group>"; };
		B18F17661E4B9E21006EF025 /* MessageCollectionViewCell.swift */ = {isa = PBXFileReference; fileEncoding = 4; lastKnownFileType = sourcecode.swift; path = MessageCollectionViewCell.swift; sourceTree = "<group>"; };
		B18F17671E4B9E21006EF025 /* MessageCell.xib */ = {isa = PBXFileReference; fileEncoding = 4; lastKnownFileType = file.xib; path = MessageCell.xib; sourceTree = "<group>"; };
		B18F176A1E4BA01D006EF025 /* Message.swift */ = {isa = PBXFileReference; fileEncoding = 4; lastKnownFileType = sourcecode.swift; path = Message.swift; sourceTree = "<group>"; };
		B1A80A661E47CF0E00A611F2 /* HotmartTest.app */ = {isa = PBXFileReference; explicitFileType = wrapper.application; includeInIndex = 0; path = HotmartTest.app; sourceTree = BUILT_PRODUCTS_DIR; };
		B1A80A691E47CF0E00A611F2 /* AppDelegate.swift */ = {isa = PBXFileReference; lastKnownFileType = sourcecode.swift; path = AppDelegate.swift; sourceTree = "<group>"; };
		B1A80A6E1E47CF0E00A611F2 /* Base */ = {isa = PBXFileReference; lastKnownFileType = file.storyboard; name = Base; path = Base.lproj/Main.storyboard; sourceTree = "<group>"; };
		B1A80A701E47CF0E00A611F2 /* Assets.xcassets */ = {isa = PBXFileReference; lastKnownFileType = folder.assetcatalog; path = Assets.xcassets; sourceTree = "<group>"; };
		B1A80A731E47CF0E00A611F2 /* Base */ = {isa = PBXFileReference; lastKnownFileType = file.storyboard; name = Base; path = Base.lproj/LaunchScreen.storyboard; sourceTree = "<group>"; };
		B1A80A751E47CF0E00A611F2 /* Info.plist */ = {isa = PBXFileReference; lastKnownFileType = text.plist.xml; path = Info.plist; sourceTree = "<group>"; };
		B1A80A871E47DC7B00A611F2 /* MenuViewController.swift */ = {isa = PBXFileReference; fileEncoding = 4; lastKnownFileType = sourcecode.swift; path = MenuViewController.swift; sourceTree = "<group>"; };
		B1A80A8B1E47DCF600A611F2 /* HeaderMenuView.swift */ = {isa = PBXFileReference; fileEncoding = 4; lastKnownFileType = sourcecode.swift; path = HeaderMenuView.swift; sourceTree = "<group>"; };
		B1A80A8E1E47DE5100A611F2 /* UIView+Utils.swift */ = {isa = PBXFileReference; fileEncoding = 4; lastKnownFileType = sourcecode.swift; path = "UIView+Utils.swift"; sourceTree = "<group>"; };
		B1A80A8F1E47DE5100A611F2 /* UIImageView+Proxy.swift */ = {isa = PBXFileReference; fileEncoding = 4; lastKnownFileType = sourcecode.swift; path = "UIImageView+Proxy.swift"; sourceTree = "<group>"; };
		B1A80A931E47ECBB00A611F2 /* MainViewController.swift */ = {isa = PBXFileReference; fileEncoding = 4; lastKnownFileType = sourcecode.swift; path = MainViewController.swift; sourceTree = "<group>"; };
		DF9407949D8338B3EDC98019 /* Pods-HotmartTest.debug.xcconfig */ = {isa = PBXFileReference; includeInIndex = 1; lastKnownFileType = text.xcconfig; name = "Pods-HotmartTest.debug.xcconfig"; path = "Pods/Target Support Files/Pods-HotmartTest/Pods-HotmartTest.debug.xcconfig"; sourceTree = "<group>"; };
		FC4A3113A187EA4230E81D74 /* Pods-HotmartTest.release.xcconfig */ = {isa = PBXFileReference; includeInIndex = 1; lastKnownFileType = text.xcconfig; name = "Pods-HotmartTest.release.xcconfig"; path = "Pods/Target Support Files/Pods-HotmartTest/Pods-HotmartTest.release.xcconfig"; sourceTree = "<group>"; };
/* End PBXFileReference section */

/* Begin PBXFrameworksBuildPhase section */
		B1A80A631E47CF0E00A611F2 /* Frameworks */ = {
			isa = PBXFrameworksBuildPhase;
			buildActionMask = 2147483647;
			files = (
				C4A9FE49CE1B37394A66F6A2 /* Pods_HotmartTest.framework in Frameworks */,
			);
			runOnlyForDeploymentPostprocessing = 0;
		};
/* End PBXFrameworksBuildPhase section */

/* Begin PBXGroup section */
		133E26D9F11F1480CD2B168C /* Pods */ = {
			isa = PBXGroup;
			children = (
				DF9407949D8338B3EDC98019 /* Pods-HotmartTest.debug.xcconfig */,
				FC4A3113A187EA4230E81D74 /* Pods-HotmartTest.release.xcconfig */,
			);
			name = Pods;
			sourceTree = "<group>";
		};
		8B3EEC742B82680D2D570EB1 /* Frameworks */ = {
			isa = PBXGroup;
			children = (
				1DC37848A6BB177E32E3CC15 /* Pods_HotmartTest.framework */,
			);
			name = Frameworks;
			sourceTree = "<group>";
		};
		B105BAB91E4923B500C314B4 /* Model */ = {
			isa = PBXGroup;
			children = (
				B18F175F1E4B8372006EF025 /* Data */,
				B18F17561E4AABE7006EF025 /* Enum */,
				B105BAD11E49404F00C314B4 /* Struct */,
			);
			name = Model;
			sourceTree = "<group>";
		};
		B105BAD11E49404F00C314B4 /* Struct */ = {
			isa = PBXGroup;
			children = (
				B105BACF1E49404D00C314B4 /* Localizable.swift */,
				B105BAC91E49345100C314B4 /* Style.swift */,
			);
			name = Struct;
			sourceTree = "<group>";
		};
		B105BADB1E49418600C314B4 /* App */ = {
			isa = PBXGroup;
			children = (
				B1A80A871E47DC7B00A611F2 /* MenuViewController.swift */,
				B1A80A931E47ECBB00A611F2 /* MainViewController.swift */,
				B105BABD1E49300000C314B4 /* DashboardViewController.swift */,
				B105BAC11E4931E100C314B4 /* SalesViewController.swift */,
				B105BAC31E4931FD00C314B4 /* MessageViewController.swift */,
			);
			name = App;
			sourceTree = "<group>";
		};
		B105BADC1E49418A00C314B4 /* Base */ = {
			isa = PBXGroup;
			children = (
				B105BABF1E49317E00C314B4 /* BaseViewController.swift */,
			);
			name = Base;
			sourceTree = "<group>";
		};
		B18F17561E4AABE7006EF025 /* Enum */ = {
			isa = PBXGroup;
			children = (
				B18F17571E4AABF6006EF025 /* AppStoryboard.swift */,
			);
			name = Enum;
			sourceTree = "<group>";
		};
		B18F175F1E4B8372006EF025 /* Data */ = {
			isa = PBXGroup;
			children = (
				B105BAB71E4923B100C314B4 /* Menu.swift */,
				B18F17601E4B8380006EF025 /* Sale.swift */,
				B18F176A1E4BA01D006EF025 /* Message.swift */,
			);
			name = Data;
			sourceTree = "<group>";
		};
		B1A80A5D1E47CF0E00A611F2 = {
			isa = PBXGroup;
			children = (
				B1A80A681E47CF0E00A611F2 /* HotmartTest */,
				B1A80A671E47CF0E00A611F2 /* Products */,
				133E26D9F11F1480CD2B168C /* Pods */,
				8B3EEC742B82680D2D570EB1 /* Frameworks */,
			);
			sourceTree = "<group>";
		};
		B1A80A671E47CF0E00A611F2 /* Products */ = {
			isa = PBXGroup;
			children = (
				B1A80A661E47CF0E00A611F2 /* HotmartTest.app */,
			);
			name = Products;
			sourceTree = "<group>";
		};
		B1A80A681E47CF0E00A611F2 /* HotmartTest */ = {
			isa = PBXGroup;
			children = (
				B1A80A701E47CF0E00A611F2 /* Assets.xcassets */,
				B1A80A691E47CF0E00A611F2 /* AppDelegate.swift */,
				B1A80A751E47CF0E00A611F2 /* Info.plist */,
				B105BAD61E4940BC00C314B4 /* Localizable.strings */,
				B1A80A921E47DE5400A611F2 /* Extension */,
				B105BAB91E4923B500C314B4 /* Model */,
				B1A80A7B1E47D2B300A611F2 /* View */,
				B1A80A7C1E47D2C700A611F2 /* Controller */,
			);
			path = HotmartTest;
			sourceTree = "<group>";
		};
		B1A80A7B1E47D2B300A611F2 /* View */ = {
			isa = PBXGroup;
			children = (
				B1A80A891E47DCC100A611F2 /* Storyboard */,
				B1A80A841E47DC0C00A611F2 /* XIBs */,
				B1A80A8B1E47DCF600A611F2 /* HeaderMenuView.swift */,
				B105BAB51E49227300C314B4 /* ItemMenuTableViewCell.swift */,
				B18F175D1E4B8223006EF025 /* SaleTableViewCell.swift */,
				B18F17661E4B9E21006EF025 /* MessageCollectionViewCell.swift */,
				B163BB621E4FC62F004B3BB7 /* TagView.swift */,
			);
			name = View;
			sourceTree = "<group>";
		};
		B1A80A7C1E47D2C700A611F2 /* Controller */ = {
			isa = PBXGroup;
			children = (
				B105BADC1E49418A00C314B4 /* Base */,
				B105BADB1E49418600C314B4 /* App */,
				B163BB601E4FB3DE004B3BB7 /* CustomAccessBottomViewController.swift */,
			);
			name = Controller;
			sourceTree = "<group>";
		};
		B1A80A841E47DC0C00A611F2 /* XIBs */ = {
			isa = PBXGroup;
			children = (
				B105BAB31E491ED300C314B4 /* ItemMenuCell.xib */,
				B18F175B1E4B7DF0006EF025 /* SaleCell.xib */,
				B18F17671E4B9E21006EF025 /* MessageCell.xib */,
				B10DC2881E4FD6A50098B47F /* TagView.xib */,
			);
			name = XIBs;
			sourceTree = "<group>";
		};
		B1A80A891E47DCC100A611F2 /* Storyboard */ = {
			isa = PBXGroup;
			children = (
				B1A80A721E47CF0E00A611F2 /* LaunchScreen.storyboard */,
				B1A80A6D1E47CF0E00A611F2 /* Main.storyboard */,
				B105BAC51E49321400C314B4 /* Message.storyboard */,
				B105BAC71E49323C00C314B4 /* Sales.storyboard */,
				B18F17591E4B7C6B006EF025 /* Dashboard.storyboard */,
			);
			name = Storyboard;
			sourceTree = "<group>";
		};
		B1A80A921E47DE5400A611F2 /* Extension */ = {
			isa = PBXGroup;
			children = (
				B18F17641E4B94D8006EF025 /* Array+Utils.swift */,
				B105BACD1E49395300C314B4 /* UIViewController+Default.swift */,
				B1A80A8E1E47DE5100A611F2 /* UIView+Utils.swift */,
				B1A80A8F1E47DE5100A611F2 /* UIImageView+Proxy.swift */,
				B105BACB1E49364600C314B4 /* UIColor+Hexa.swift */,
			);
			name = Extension;
			sourceTree = "<group>";
		};
/* End PBXGroup section */

/* Begin PBXNativeTarget section */
		B1A80A651E47CF0E00A611F2 /* HotmartTest */ = {
			isa = PBXNativeTarget;
			buildConfigurationList = B1A80A781E47CF0E00A611F2 /* Build configuration list for PBXNativeTarget "HotmartTest" */;
			buildPhases = (
				AA02850C8AD4113EBE3D83EE /* [CP] Check Pods Manifest.lock */,
				B1A80A621E47CF0E00A611F2 /* Sources */,
				B1A80A631E47CF0E00A611F2 /* Frameworks */,
				B1A80A641E47CF0E00A611F2 /* Resources */,
				496F530FDCE283C3F183C7FB /* [CP] Embed Pods Frameworks */,
				CF352DBA74A21E1D96F19BD5 /* [CP] Copy Pods Resources */,
				B1A80A8D1E47DD6400A611F2 /* TODO / FIXME */,
			);
			buildRules = (
			);
			dependencies = (
			);
			name = HotmartTest;
			productName = HotmartTest;
			productReference = B1A80A661E47CF0E00A611F2 /* HotmartTest.app */;
			productType = "com.apple.product-type.application";
		};
/* End PBXNativeTarget section */

/* Begin PBXProject section */
		B1A80A5E1E47CF0E00A611F2 /* Project object */ = {
			isa = PBXProject;
			attributes = {
				LastSwiftUpdateCheck = 0820;
				LastUpgradeCheck = 0820;
				ORGANIZATIONNAME = "Tiago Braga";
				TargetAttributes = {
					B1A80A651E47CF0E00A611F2 = {
						CreatedOnToolsVersion = 8.2.1;
						ProvisioningStyle = Automatic;
					};
				};
			};
			buildConfigurationList = B1A80A611E47CF0E00A611F2 /* Build configuration list for PBXProject "HotmartTest" */;
			compatibilityVersion = "Xcode 3.2";
			developmentRegion = English;
			hasScannedForEncodings = 0;
			knownRegions = (
				en,
				Base,
				"pt-BR",
			);
			mainGroup = B1A80A5D1E47CF0E00A611F2;
			productRefGroup = B1A80A671E47CF0E00A611F2 /* Products */;
			projectDirPath = "";
			projectRoot = "";
			targets = (
				B1A80A651E47CF0E00A611F2 /* HotmartTest */,
			);
		};
/* End PBXProject section */

/* Begin PBXResourcesBuildPhase section */
		B1A80A641E47CF0E00A611F2 /* Resources */ = {
			isa = PBXResourcesBuildPhase;
			buildActionMask = 2147483647;
			files = (
				B105BAC81E49323C00C314B4 /* Sales.storyboard in Resources */,
				B1A80A741E47CF0E00A611F2 /* LaunchScreen.storyboard in Resources */,
				B105BAB41E491ED300C314B4 /* ItemMenuCell.xib in Resources */,
				B18F175A1E4B7C6B006EF025 /* Dashboard.storyboard in Resources */,
				B18F17691E4B9E21006EF025 /* MessageCell.xib in Resources */,
				B105BAD41E4940BC00C314B4 /* Localizable.strings in Resources */,
				B18F175C1E4B7DF0006EF025 /* SaleCell.xib in Resources */,
				B105BAC61E49321400C314B4 /* Message.storyboard in Resources */,
				B1A80A711E47CF0E00A611F2 /* Assets.xcassets in Resources */,
				B1A80A6F1E47CF0E00A611F2 /* Main.storyboard in Resources */,
				B10DC2891E4FD6A50098B47F /* TagView.xib in Resources */,
			);
			runOnlyForDeploymentPostprocessing = 0;
		};
/* End PBXResourcesBuildPhase section */

/* Begin PBXShellScriptBuildPhase section */
		496F530FDCE283C3F183C7FB /* [CP] Embed Pods Frameworks */ = {
			isa = PBXShellScriptBuildPhase;
			buildActionMask = 2147483647;
			files = (
			);
			inputPaths = (
			);
			name = "[CP] Embed Pods Frameworks";
			outputPaths = (
			);
			runOnlyForDeploymentPostprocessing = 0;
			shellPath = /bin/sh;
			shellScript = "\"${SRCROOT}/Pods/Target Support Files/Pods-HotmartTest/Pods-HotmartTest-frameworks.sh\"\n";
			showEnvVarsInLog = 0;
		};
		AA02850C8AD4113EBE3D83EE /* [CP] Check Pods Manifest.lock */ = {
			isa = PBXShellScriptBuildPhase;
			buildActionMask = 2147483647;
			files = (
			);
			inputPaths = (
			);
			name = "[CP] Check Pods Manifest.lock";
			outputPaths = (
			);
			runOnlyForDeploymentPostprocessing = 0;
			shellPath = /bin/sh;
			shellScript = "diff \"${PODS_ROOT}/../Podfile.lock\" \"${PODS_ROOT}/Manifest.lock\" > /dev/null\nif [ $? != 0 ] ; then\n    # print error to STDERR\n    echo \"error: The sandbox is not in sync with the Podfile.lock. Run 'pod install' or update your CocoaPods installation.\" >&2\n    exit 1\nfi\n";
			showEnvVarsInLog = 0;
		};
		B1A80A8D1E47DD6400A611F2 /* TODO / FIXME */ = {
			isa = PBXShellScriptBuildPhase;
			buildActionMask = 2147483647;
			files = (
			);
			inputPaths = (
			);
			name = "TODO / FIXME";
			outputPaths = (
			);
			runOnlyForDeploymentPostprocessing = 0;
			shellPath = /bin/sh;
			shellScript = "TAGS=\"TODO:|FIXME:\"\nfind \"${SRCROOT}\" \\( -name \"*.h\" -or -name \"*.m\" -or -name \"*.swift\" \\) -print0 | xargs -0 egrep --with-filename --line-number --only-matching \"($TAGS).*\\$\" | perl -p -e \"s/($TAGS)/ warning: \\$1/\"";
		};
		CF352DBA74A21E1D96F19BD5 /* [CP] Copy Pods Resources */ = {
			isa = PBXShellScriptBuildPhase;
			buildActionMask = 2147483647;
			files = (
			);
			inputPaths = (
			);
			name = "[CP] Copy Pods Resources";
			outputPaths = (
			);
			runOnlyForDeploymentPostprocessing = 0;
			shellPath = /bin/sh;
			shellScript = "\"${SRCROOT}/Pods/Target Support Files/Pods-HotmartTest/Pods-HotmartTest-resources.sh\"\n";
			showEnvVarsInLog = 0;
		};
/* End PBXShellScriptBuildPhase section */

/* Begin PBXSourcesBuildPhase section */
		B1A80A621E47CF0E00A611F2 /* Sources */ = {
			isa = PBXSourcesBuildPhase;
			buildActionMask = 2147483647;
			files = (
				B1A80A6A1E47CF0E00A611F2 /* AppDelegate.swift in Sources */,
				B1A80A8C1E47DCF600A611F2 /* HeaderMenuView.swift in Sources */,
				B18F175E1E4B8223006EF025 /* SaleTableViewCell.swift in Sources */,
				B105BAC21E4931E100C314B4 /* SalesViewController.swift in Sources */,
				B18F17681E4B9E21006EF025 /* MessageCollectionViewCell.swift in Sources */,
				B105BACE1E49395300C314B4 /* UIViewController+Default.swift in Sources */,
				B105BAB81E4923B100C314B4 /* Menu.swift in Sources */,
				B1A80A901E47DE5100A611F2 /* UIView+Utils.swift in Sources */,
				B18F17581E4AABF6006EF025 /* AppStoryboard.swift in Sources */,
				B105BACA1E49345100C314B4 /* Style.swift in Sources */,
				B163BB611E4FB3DE004B3BB7 /* CustomAccessBottomViewController.swift in Sources */,
				B1A80A941E47ECBB00A611F2 /* MainViewController.swift in Sources */,
				B105BAC01E49317E00C314B4 /* BaseViewController.swift in Sources */,
				B105BAB61E49227300C314B4 /* ItemMenuTableViewCell.swift in Sources */,
				B18F17611E4B8380006EF025 /* Sale.swift in Sources */,
				B105BABE1E49300000C314B4 /* DashboardViewController.swift in Sources */,
				B1A80A911E47DE5100A611F2 /* UIImageView+Proxy.swift in Sources */,
				B18F176B1E4BA01D006EF025 /* Message.swift in Sources */,
				B105BAC41E4931FD00C314B4 /* MessageViewController.swift in Sources */,
				B1A80A881E47DC7B00A611F2 /* MenuViewController.swift in Sources */,
				B105BAD01E49404D00C314B4 /* Localizable.swift in Sources */,
				B18F17651E4B94D8006EF025 /* Array+Utils.swift in Sources */,
				B105BACC1E49364600C314B4 /* UIColor+Hexa.swift in Sources */,
				B163BB631E4FC62F004B3BB7 /* TagView.swift in Sources */,
			);
			runOnlyForDeploymentPostprocessing = 0;
		};
/* End PBXSourcesBuildPhase section */

/* Begin PBXVariantGroup section */
		B105BAD61E4940BC00C314B4 /* Localizable.strings */ = {
			isa = PBXVariantGroup;
			children = (
				B105BAD51E4940BC00C314B4 /* Base */,
				B105BAD71E4940BF00C314B4 /* en */,
				B105BADA1E4940CF00C314B4 /* pt-BR */,
			);
			name = Localizable.strings;
			sourceTree = "<group>";
		};
		B1A80A6D1E47CF0E00A611F2 /* Main.storyboard */ = {
			isa = PBXVariantGroup;
			children = (
				B1A80A6E1E47CF0E00A611F2 /* Base */,
				B105BAD91E4940CE00C314B4 /* pt-BR */,
			);
			name = Main.storyboard;
			sourceTree = "<group>";
		};
		B1A80A721E47CF0E00A611F2 /* LaunchScreen.storyboard */ = {
			isa = PBXVariantGroup;
			children = (
				B1A80A731E47CF0E00A611F2 /* Base */,
				B105BAD81E4940CE00C314B4 /* pt-BR */,
			);
			name = LaunchScreen.storyboard;
			sourceTree = "<group>";
		};
/* End PBXVariantGroup section */

/* Begin XCBuildConfiguration section */
		B1A80A761E47CF0E00A611F2 /* Debug */ = {
			isa = XCBuildConfiguration;
			buildSettings = {
				ALWAYS_SEARCH_USER_PATHS = NO;
				CLANG_ANALYZER_LOCALIZABILITY_NONLOCALIZED = YES;
				CLANG_ANALYZER_NONNULL = YES;
				CLANG_CXX_LANGUAGE_STANDARD = "gnu++0x";
				CLANG_CXX_LIBRARY = "libc++";
				CLANG_ENABLE_MODULES = YES;
				CLANG_ENABLE_OBJC_ARC = YES;
				CLANG_WARN_BOOL_CONVERSION = YES;
				CLANG_WARN_CONSTANT_CONVERSION = YES;
				CLANG_WARN_DIRECT_OBJC_ISA_USAGE = YES_ERROR;
				CLANG_WARN_DOCUMENTATION_COMMENTS = YES;
				CLANG_WARN_EMPTY_BODY = YES;
				CLANG_WARN_ENUM_CONVERSION = YES;
				CLANG_WARN_INFINITE_RECURSION = YES;
				CLANG_WARN_INT_CONVERSION = YES;
				CLANG_WARN_OBJC_ROOT_CLASS = YES_ERROR;
				CLANG_WARN_SUSPICIOUS_MOVE = YES;
				CLANG_WARN_UNREACHABLE_CODE = YES;
				CLANG_WARN__DUPLICATE_METHOD_MATCH = YES;
				"CODE_SIGN_IDENTITY[sdk=iphoneos*]" = "iPhone Developer";
				COPY_PHASE_STRIP = NO;
				DEBUG_INFORMATION_FORMAT = dwarf;
				ENABLE_STRICT_OBJC_MSGSEND = YES;
				ENABLE_TESTABILITY = YES;
				GCC_C_LANGUAGE_STANDARD = gnu99;
				GCC_DYNAMIC_NO_PIC = NO;
				GCC_NO_COMMON_BLOCKS = YES;
				GCC_OPTIMIZATION_LEVEL = 0;
				GCC_PREPROCESSOR_DEFINITIONS = (
					"DEBUG=1",
					"$(inherited)",
				);
				GCC_WARN_64_TO_32_BIT_CONVERSION = YES;
				GCC_WARN_ABOUT_RETURN_TYPE = YES_ERROR;
				GCC_WARN_UNDECLARED_SELECTOR = YES;
				GCC_WARN_UNINITIALIZED_AUTOS = YES_AGGRESSIVE;
				GCC_WARN_UNUSED_FUNCTION = YES;
				GCC_WARN_UNUSED_VARIABLE = YES;
				IPHONEOS_DEPLOYMENT_TARGET = 10.2;
				MTL_ENABLE_DEBUG_INFO = YES;
				ONLY_ACTIVE_ARCH = YES;
				SDKROOT = iphoneos;
				SWIFT_ACTIVE_COMPILATION_CONDITIONS = DEBUG;
				SWIFT_OPTIMIZATION_LEVEL = "-Onone";
			};
			name = Debug;
		};
		B1A80A771E47CF0E00A611F2 /* Release */ = {
			isa = XCBuildConfiguration;
			buildSettings = {
				ALWAYS_SEARCH_USER_PATHS = NO;
				CLANG_ANALYZER_LOCALIZABILITY_NONLOCALIZED = YES;
				CLANG_ANALYZER_NONNULL = YES;
				CLANG_CXX_LANGUAGE_STANDARD = "gnu++0x";
				CLANG_CXX_LIBRARY = "libc++";
				CLANG_ENABLE_MODULES = YES;
				CLANG_ENABLE_OBJC_ARC = YES;
				CLANG_WARN_BOOL_CONVERSION = YES;
				CLANG_WARN_CONSTANT_CONVERSION = YES;
				CLANG_WARN_DIRECT_OBJC_ISA_USAGE = YES_ERROR;
				CLANG_WARN_DOCUMENTATION_COMMENTS = YES;
				CLANG_WARN_EMPTY_BODY = YES;
				CLANG_WARN_ENUM_CONVERSION = YES;
				CLANG_WARN_INFINITE_RECURSION = YES;
				CLANG_WARN_INT_CONVERSION = YES;
				CLANG_WARN_OBJC_ROOT_CLASS = YES_ERROR;
				CLANG_WARN_SUSPICIOUS_MOVE = YES;
				CLANG_WARN_UNREACHABLE_CODE = YES;
				CLANG_WARN__DUPLICATE_METHOD_MATCH = YES;
				"CODE_SIGN_IDENTITY[sdk=iphoneos*]" = "iPhone Developer";
				COPY_PHASE_STRIP = NO;
				DEBUG_INFORMATION_FORMAT = "dwarf-with-dsym";
				ENABLE_NS_ASSERTIONS = NO;
				ENABLE_STRICT_OBJC_MSGSEND = YES;
				GCC_C_LANGUAGE_STANDARD = gnu99;
				GCC_NO_COMMON_BLOCKS = YES;
				GCC_WARN_64_TO_32_BIT_CONVERSION = YES;
				GCC_WARN_ABOUT_RETURN_TYPE = YES_ERROR;
				GCC_WARN_UNDECLARED_SELECTOR = YES;
				GCC_WARN_UNINITIALIZED_AUTOS = YES_AGGRESSIVE;
				GCC_WARN_UNUSED_FUNCTION = YES;
				GCC_WARN_UNUSED_VARIABLE = YES;
				IPHONEOS_DEPLOYMENT_TARGET = 10.2;
				MTL_ENABLE_DEBUG_INFO = NO;
				SDKROOT = iphoneos;
				SWIFT_OPTIMIZATION_LEVEL = "-Owholemodule";
				VALIDATE_PRODUCT = YES;
			};
			name = Release;
		};
		B1A80A791E47CF0E00A611F2 /* Debug */ = {
			isa = XCBuildConfiguration;
			baseConfigurationReference = DF9407949D8338B3EDC98019 /* Pods-HotmartTest.debug.xcconfig */;
			buildSettings = {
				ASSETCATALOG_COMPILER_APPICON_NAME = AppIcon;
				INFOPLIST_FILE = HotmartTest/Info.plist;
				LD_RUNPATH_SEARCH_PATHS = "$(inherited) @executable_path/Frameworks";
				PRODUCT_BUNDLE_IDENTIFIER = edu.self.HotmartTest;
				PRODUCT_NAME = "$(TARGET_NAME)";
				SWIFT_VERSION = 3.0;
			};
			name = Debug;
		};
		B1A80A7A1E47CF0E00A611F2 /* Release */ = {
			isa = XCBuildConfiguration;
			baseConfigurationReference = FC4A3113A187EA4230E81D74 /* Pods-HotmartTest.release.xcconfig */;
			buildSettings = {
				ASSETCATALOG_COMPILER_APPICON_NAME = AppIcon;
				INFOPLIST_FILE = HotmartTest/Info.plist;
				LD_RUNPATH_SEARCH_PATHS = "$(inherited) @executable_path/Frameworks";
				PRODUCT_BUNDLE_IDENTIFIER = edu.self.HotmartTest;
				PRODUCT_NAME = "$(TARGET_NAME)";
				SWIFT_VERSION = 3.0;
			};
			name = Release;
		};
/* End XCBuildConfiguration section */

/* Begin XCConfigurationList section */
		B1A80A611E47CF0E00A611F2 /* Build configuration list for PBXProject "HotmartTest" */ = {
			isa = XCConfigurationList;
			buildConfigurations = (
				B1A80A761E47CF0E00A611F2 /* Debug */,
				B1A80A771E47CF0E00A611F2 /* Release */,
			);
			defaultConfigurationIsVisible = 0;
			defaultConfigurationName = Release;
		};
		B1A80A781E47CF0E00A611F2 /* Build configuration list for PBXNativeTarget "HotmartTest" */ = {
			isa = XCConfigurationList;
			buildConfigurations = (
				B1A80A791E47CF0E00A611F2 /* Debug */,
				B1A80A7A1E47CF0E00A611F2 /* Release */,
			);
			defaultConfigurationIsVisible = 0;
			defaultConfigurationName = Release;
		};
/* End XCConfigurationList section */
	};
	rootObject = B1A80A5E1E47CF0E00A611F2 /* Project object */;
}
